{
	"name": "setup-flixel",
	"lockfileVersion": 2,
	"requires": true,
	"packages": {
		"": {
			"hasInstallScript": true,
			"devDependencies": {
				"@actions/core": "^1.9.1",
				"@zeit/ncc": "^0.22.3",
				"dts2hx": "^0.15.3",
				"lix": "^15.10.1"
			}
		},
		"node_modules/@actions/core": {
			"version": "1.9.1",
			"resolved": "https://registry.npmjs.org/@actions/core/-/core-1.9.1.tgz",
			"integrity": "sha512-5ad+U2YGrmmiw6du20AQW5XuWo7UKN2052FjSV7MX+Wfjf8sCqcsZe62NfgHys4QI4/Y+vQvLKYL8jWtA1ZBTA==",
			"dev": true,
			"dependencies": {
				"@actions/http-client": "^2.0.1",
				"uuid": "^8.3.2"
			}
		},
		"node_modules/@actions/http-client": {
			"version": "2.0.1",
			"resolved": "https://registry.npmjs.org/@actions/http-client/-/http-client-2.0.1.tgz",
			"integrity": "sha512-PIXiMVtz6VvyaRsGY268qvj57hXQEpsYogYOu2nrQhlf+XCGmZstmuZBbAybUl1nQGnvS1k1eEsQ69ZoD7xlSw==",
			"dev": true,
			"dependencies": {
				"tunnel": "^0.0.6"
			}
		},
		"node_modules/@zeit/ncc": {
			"version": "0.22.3",
			"resolved": "https://registry.npmjs.org/@zeit/ncc/-/ncc-0.22.3.tgz",
			"integrity": "sha512-jnCLpLXWuw/PAiJiVbLjA8WBC0IJQbFeUwF4I9M+23MvIxTxk5pD4Q8byQBSPmHQjz5aBoA7AKAElQxMpjrCLQ==",
			"deprecated": "@zeit/ncc is no longer maintained. Please use @vercel/ncc instead.",
			"dev": true,
			"bin": {
				"ncc": "dist/ncc/cli.js"
			}
		},
		"node_modules/dts2hx": {
			"version": "0.15.3",
			"resolved": "https://registry.npmjs.org/dts2hx/-/dts2hx-0.15.3.tgz",
			"integrity": "sha512-5CFCfCLPnKfxMSLBB8JVVkKdUX//DXx7+maabjr0JZlVlLsxXFR8oL/6RhN9ppIkA55rWypLE8288EY73nlHSg==",
			"dev": true,
			"dependencies": {
				"typescript": "3.7.4"
			},
			"bin": {
				"dts2hx": "cli.js"
			}
		},
		"node_modules/lix": {
			"version": "15.10.1",
			"resolved": "https://registry.npmjs.org/lix/-/lix-15.10.1.tgz",
			"integrity": "sha512-UZX+p4i+2ZSEyI6p2Yu1sfC0pRRFnFHDpNQ2+FqhxmBG8cCiHZkj+I8FqCK4AUuQ/VOPE/bK69JbWez+OG3zaA==",
			"dev": true,
			"hasInstallScript": true,
			"bin": {
				"haxe": "bin/haxeshim.js",
				"haxelib": "bin/haxelibshim.js",
				"lix": "bin/lix.js",
				"neko": "bin/nekoshim.js"
			}
		},
		"node_modules/tunnel": {
			"version": "0.0.6",
			"resolved": "https://registry.npmjs.org/tunnel/-/tunnel-0.0.6.tgz",
			"integrity": "sha512-1h/Lnq9yajKY2PEbBadPXj3VxsDDu844OnaAo52UVmIzIvwwtBPIuNvkjuzBlTWpfJyUbG3ez0KSBibQkj4ojg==",
			"dev": true,
			"engines": {
				"node": ">=0.6.11 <=0.7.0 || >=0.7.3"
			}
		},
		"node_modules/typescript": {
			"version": "3.7.4",
			"resolved": "https://registry.npmjs.org/typescript/-/typescript-3.7.4.tgz",
			"integrity": "sha512-A25xv5XCtarLwXpcDNZzCGvW2D1S3/bACratYBx2sax8PefsFhlYmkQicKHvpYflFS8if4zne5zT5kpJ7pzuvw==",
			"dev": true,
			"bin": {
				"tsc": "bin/tsc",
				"tsserver": "bin/tsserver"
			},
			"engines": {
				"node": ">=4.2.0"
			}
		},
		"node_modules/uuid": {
			"version": "8.3.2",
			"resolved": "https://registry.npmjs.org/uuid/-/uuid-8.3.2.tgz",
			"integrity": "sha512-+NYs2QeMWy+GWFOEm9xnn6HCDp0l7QBD7ml8zLUmJ+93Q5NF0NocErnwkTkXVFNiX3/fpC6afS8Dhb/gz7R7eg==",
			"dev": true,
			"bin": {
				"uuid": "dist/bin/uuid"
			}
		}
	},
	"dependencies": {
		"@actions/core": {
			"version": "1.9.1",
			"resolved": "https://registry.npmjs.org/@actions/core/-/core-1.9.1.tgz",
			"integrity": "sha512-5ad+U2YGrmmiw6du20AQW5XuWo7UKN2052FjSV7MX+Wfjf8sCqcsZe62NfgHys4QI4/Y+vQvLKYL8jWtA1ZBTA==",
			"dev": true,
			"requires": {
				"@actions/http-client": "^2.0.1",
				"uuid": "^8.3.2"
			}
		},
		"@actions/http-client": {
			"version": "2.0.1",
			"resolved": "https://registry.npmjs.org/@actions/http-client/-/http-client-2.0.1.tgz",
			"integrity": "sha512-PIXiMVtz6VvyaRsGY268qvj57hXQEpsYogYOu2nrQhlf+XCGmZstmuZBbAybUl1nQGnvS1k1eEsQ69ZoD7xlSw==",
			"dev": true,
			"requires": {
				"tunnel": "^0.0.6"
			}
		},
		"@zeit/ncc": {
			"version": "0.22.3",
			"resolved": "https://registry.npmjs.org/@zeit/ncc/-/ncc-0.22.3.tgz",
			"integrity": "sha512-jnCLpLXWuw/PAiJiVbLjA8WBC0IJQbFeUwF4I9M+23MvIxTxk5pD4Q8byQBSPmHQjz5aBoA7AKAElQxMpjrCLQ==",
			"dev": true
		},
		"dts2hx": {
			"version": "0.15.3",
			"resolved": "https://registry.npmjs.org/dts2hx/-/dts2hx-0.15.3.tgz",
			"integrity": "sha512-5CFCfCLPnKfxMSLBB8JVVkKdUX//DXx7+maabjr0JZlVlLsxXFR8oL/6RhN9ppIkA55rWypLE8288EY73nlHSg==",
			"dev": true,
			"requires": {
				"typescript": "3.7.4"
			}
		},
		"lix": {
			"version": "15.10.1",
			"resolved": "https://registry.npmjs.org/lix/-/lix-15.10.1.tgz",
			"integrity": "sha512-UZX+p4i+2ZSEyI6p2Yu1sfC0pRRFnFHDpNQ2+FqhxmBG8cCiHZkj+I8FqCK4AUuQ/VOPE/bK69JbWez+OG3zaA==",
			"dev": true
		},
		"tunnel": {
			"version": "0.0.6",
			"resolved": "https://registry.npmjs.org/tunnel/-/tunnel-0.0.6.tgz",
			"integrity": "sha512-1h/Lnq9yajKY2PEbBadPXj3VxsDDu844OnaAo52UVmIzIvwwtBPIuNvkjuzBlTWpfJyUbG3ez0KSBibQkj4ojg==",
			"dev": true
		},
		"typescript": {
			"version": "3.7.4",
			"resolved": "https://registry.npmjs.org/typescript/-/typescript-3.7.4.tgz",
			"integrity": "sha512-A25xv5XCtarLwXpcDNZzCGvW2D1S3/bACratYBx2sax8PefsFhlYmkQicKHvpYflFS8if4zne5zT5kpJ7pzuvw==",
			"dev": true
		},
		"uuid": {
			"version": "8.3.2",
			"resolved": "https://registry.npmjs.org/uuid/-/uuid-8.3.2.tgz",
			"integrity": "sha512-+NYs2QeMWy+GWFOEm9xnn6HCDp0l7QBD7ml8zLUmJ+93Q5NF0NocErnwkTkXVFNiX3/fpC6afS8Dhb/gz7R7eg==",
			"dev": true
		}
	}
}
